// !$*UTF8*$!
{
	archiveVersion = 1;
	classes = {
	};
	objectVersion = 50;
	objects = {

/* Begin PBXBuildFile section */
		6B477BE821E2E0970041E553 /* AppDelegate.swift in Sources */ = {isa = PBXBuildFile; fileRef = 6B477BE721E2E0970041E553 /* AppDelegate.swift */; };
		6B477BEA21E2E0970041E553 /* ViewController.swift in Sources */ = {isa = PBXBuildFile; fileRef = 6B477BE921E2E0970041E553 /* ViewController.swift */; };
		6B477BED21E2E0970041E553 /* Main.storyboard in Resources */ = {isa = PBXBuildFile; fileRef = 6B477BEB21E2E0970041E553 /* Main.storyboard */; };
		6B477BEF21E2E0990041E553 /* Assets.xcassets in Resources */ = {isa = PBXBuildFile; fileRef = 6B477BEE21E2E0990041E553 /* Assets.xcassets */; };
		6B477BF221E2E0990041E553 /* LaunchScreen.storyboard in Resources */ = {isa = PBXBuildFile; fileRef = 6B477BF021E2E0990041E553 /* LaunchScreen.storyboard */; };
		6B477BFD21E2E0990041E553 /* BioAuthTestTests.swift in Sources */ = {isa = PBXBuildFile; fileRef = 6B477BFC21E2E0990041E553 /* BioAuthTestTests.swift */; };
		6B477C0821E2EE7A0041E553 /* Keychain.swift in Sources */ = {isa = PBXBuildFile; fileRef = 6B477C0721E2EE7A0041E553 /* Keychain.swift */; };
/* End PBXBuildFile section */

/* Begin PBXContainerItemProxy section */
		6B477BF921E2E0990041E553 /* PBXContainerItemProxy */ = {
			isa = PBXContainerItemProxy;
			containerPortal = 6B477BDC21E2E0970041E553 /* Project object */;
			proxyType = 1;
			remoteGlobalIDString = 6B477BE321E2E0970041E553;
			remoteInfo = BioAuthTest;
		};
/* End PBXContainerItemProxy section */

/* Begin PBXFileReference section */
		6B477BE421E2E0970041E553 /* BioAuthTest.app */ = {isa = PBXFileReference; explicitFileType = wrapper.application; includeInIndex = 0; path = BioAuthTest.app; sourceTree = BUILT_PRODUCTS_DIR; };
		6B477BE721E2E0970041E553 /* AppDelegate.swift */ = {isa = PBXFileReference; lastKnownFileType = sourcecode.swift; path = AppDelegate.swift; sourceTree = "<group>"; };
		6B477BE921E2E0970041E553 /* ViewController.swift */ = {isa = PBXFileReference; lastKnownFileType = sourcecode.swift; path = ViewController.swift; sourceTree = "<group>"; };
		6B477BEC21E2E0970041E553 /* Base */ = {isa = PBXFileReference; lastKnownFileType = file.storyboard; name = Base; path = Base.lproj/Main.storyboard; sourceTree = "<group>"; };
		6B477BEE21E2E0990041E553 /* Assets.xcassets */ = {isa = PBXFileReference; lastKnownFileType = folder.assetcatalog; path = Assets.xcassets; sourceTree = "<group>"; };
		6B477BF121E2E0990041E553 /* Base */ = {isa = PBXFileReference; lastKnownFileType = file.storyboard; name = Base; path = Base.lproj/LaunchScreen.storyboard; sourceTree = "<group>"; };
		6B477BF321E2E0990041E553 /* Info.plist */ = {isa = PBXFileReference; lastKnownFileType = text.plist.xml; path = Info.plist; sourceTree = "<group>"; };
		6B477BF821E2E0990041E553 /* BioAuthTestTests.xctest */ = {isa = PBXFileReference; explicitFileType = wrapper.cfbundle; includeInIndex = 0; path = BioAuthTestTests.xctest; sourceTree = BUILT_PRODUCTS_DIR; };
		6B477BFC21E2E0990041E553 /* BioAuthTestTests.swift */ = {isa = PBXFileReference; lastKnownFileType = sourcecode.swift; path = BioAuthTestTests.swift; sourceTree = "<group>"; };
		6B477BFE21E2E0990041E553 /* Info.plist */ = {isa = PBXFileReference; lastKnownFileType = text.plist.xml; path = Info.plist; sourceTree = "<group>"; };
		6B477C0721E2EE7A0041E553 /* Keychain.swift */ = {isa = PBXFileReference; lastKnownFileType = sourcecode.swift; path = Keychain.swift; sourceTree = "<group>"; };
/* End PBXFileReference section */

/* Begin PBXFrameworksBuildPhase section */
		6B477BE121E2E0970041E553 /* Frameworks */ = {
			isa = PBXFrameworksBuildPhase;
			buildActionMask = 2147483647;
			files = (
			);
			runOnlyForDeploymentPostprocessing = 0;
		};
		6B477BF521E2E0990041E553 /* Frameworks */ = {
			isa = PBXFrameworksBuildPhase;
			buildActionMask = 2147483647;
			files = (
			);
			runOnlyForDeploymentPostprocessing = 0;
		};
/* End PBXFrameworksBuildPhase section */

/* Begin PBXGroup section */
		6B477BDB21E2E0970041E553 = {
			isa = PBXGroup;
			children = (
				6B477BE621E2E0970041E553 /* BioAuthTest */,
				6B477BFB21E2E0990041E553 /* BioAuthTestTests */,
				6B477BE521E2E0970041E553 /* Products */,
			);
			sourceTree = "<group>";
		};
		6B477BE521E2E0970041E553 /* Products */ = {
			isa = PBXGroup;
			children = (
				6B477BE421E2E0970041E553 /* BioAuthTest.app */,
				6B477BF821E2E0990041E553 /* BioAuthTestTests.xctest */,
			);
			name = Products;
			sourceTree = "<group>";
		};
		6B477BE621E2E0970041E553 /* BioAuthTest */ = {
			isa = PBXGroup;
			children = (
				6B477C0921E2EE8B0041E553 /* Keychain */,
				6B477BE721E2E0970041E553 /* AppDelegate.swift */,
				6B477BE921E2E0970041E553 /* ViewController.swift */,
				6B477BEB21E2E0970041E553 /* Main.storyboard */,
				6B477BEE21E2E0990041E553 /* Assets.xcassets */,
				6B477BF021E2E0990041E553 /* LaunchScreen.storyboard */,
				6B477BF321E2E0990041E553 /* Info.plist */,
			);
			path = BioAuthTest;
			sourceTree = "<group>";
		};
		6B477BFB21E2E0990041E553 /* BioAuthTestTests */ = {
			isa = PBXGroup;
			children = (
				6B477BFC21E2E0990041E553 /* BioAuthTestTests.swift */,
				6B477BFE21E2E0990041E553 /* Info.plist */,
			);
			path = BioAuthTestTests;
			sourceTree = "<group>";
		};
		6B477C0921E2EE8B0041E553 /* Keychain */ = {
			isa = PBXGroup;
			children = (
				6B477C0721E2EE7A0041E553 /* Keychain.swift */,
			);
			path = Keychain;
			sourceTree = "<group>";
		};
/* End PBXGroup section */

/* Begin PBXNativeTarget section */
		6B477BE321E2E0970041E553 /* BioAuthTest */ = {
			isa = PBXNativeTarget;
			buildConfigurationList = 6B477C0121E2E0990041E553 /* Build configuration list for PBXNativeTarget "BioAuthTest" */;
			buildPhases = (
				6B477BE021E2E0970041E553 /* Sources */,
				6B477BE121E2E0970041E553 /* Frameworks */,
				6B477BE221E2E0970041E553 /* Resources */,
			);
			buildRules = (
			);
			dependencies = (
			);
			name = BioAuthTest;
			productName = BioAuthTest;
			productReference = 6B477BE421E2E0970041E553 /* BioAuthTest.app */;
			productType = "com.apple.product-type.application";
		};
		6B477BF721E2E0990041E553 /* BioAuthTestTests */ = {
			isa = PBXNativeTarget;
			buildConfigurationList = 6B477C0421E2E0990041E553 /* Build configuration list for PBXNativeTarget "BioAuthTestTests" */;
			buildPhases = (
				6B477BF421E2E0990041E553 /* Sources */,
				6B477BF521E2E0990041E553 /* Frameworks */,
				6B477BF621E2E0990041E553 /* Resources */,
			);
			buildRules = (
			);
			dependencies = (
				6B477BFA21E2E0990041E553 /* PBXTargetDependency */,
			);
			name = BioAuthTestTests;
			productName = BioAuthTestTests;
			productReference = 6B477BF821E2E0990041E553 /* BioAuthTestTests.xctest */;
			productType = "com.apple.product-type.bundle.unit-test";
		};
/* End PBXNativeTarget section */

/* Begin PBXProject section */
		6B477BDC21E2E0970041E553 /* Project object */ = {
			isa = PBXProject;
			attributes = {
				LastSwiftUpdateCheck = 1010;
				LastUpgradeCheck = 1010;
				ORGANIZATIONNAME = thhan;
				TargetAttributes = {
					6B477BE321E2E0970041E553 = {
						CreatedOnToolsVersion = 10.1;
					};
					6B477BF721E2E0990041E553 = {
						CreatedOnToolsVersion = 10.1;
						TestTargetID = 6B477BE321E2E0970041E553;
					};
				};
			};
			buildConfigurationList = 6B477BDF21E2E0970041E553 /* Build configuration list for PBXProject "BioAuthTest" */;
			compatibilityVersion = "Xcode 9.3";
			developmentRegion = en;
			hasScannedForEncodings = 0;
			knownRegions = (
				en,
				Base,
			);
			mainGroup = 6B477BDB21E2E0970041E553;
			productRefGroup = 6B477BE521E2E0970041E553 /* Products */;
			projectDirPath = "";
			projectRoot = "";
			targets = (
				6B477BE321E2E0970041E553 /* BioAuthTest */,
				6B477BF721E2E0990041E553 /* BioAuthTestTests */,
			);
		};
/* End PBXProject section */

/* Begin PBXResourcesBuildPhase section */
		6B477BE221E2E0970041E553 /* Resources */ = {
			isa = PBXResourcesBuildPhase;
			buildActionMask = 2147483647;
			files = (
				6B477BF221E2E0990041E553 /* LaunchScreen.storyboard in Resources */,
				6B477BEF21E2E0990041E553 /* Assets.xcassets in Resources */,
				6B477BED21E2E0970041E553 /* Main.storyboard in Resources */,
			);
			runOnlyForDeploymentPostprocessing = 0;
		};
		6B477BF621E2E0990041E553 /* Resources */ = {
			isa = PBXResourcesBuildPhase;
			buildActionMask = 2147483647;
			files = (
			);
			runOnlyForDeploymentPostprocessing = 0;
		};
/* End PBXResourcesBuildPhase section */

/* Begin PBXSourcesBuildPhase section */
		6B477BE021E2E0970041E553 /* Sources */ = {
			isa = PBXSourcesBuildPhase;
			buildActionMask = 2147483647;
			files = (
				6B477BEA21E2E0970041E553 /* ViewController.swift in Sources */,
				6B477BE821E2E0970041E553 /* AppDelegate.swift in Sources */,
				6B477C0821E2EE7A0041E553 /* Keychain.swift in Sources */,
			);
			runOnlyForDeploymentPostprocessing = 0;
		};
		6B477BF421E2E0990041E553 /* Sources */ = {
			isa = PBXSourcesBuildPhase;
			buildActionMask = 2147483647;
			files = (
				6B477BFD21E2E0990041E553 /* BioAuthTestTests.swift in Sources */,
			);
			runOnlyForDeploymentPostprocessing = 0;
		};
/* End PBXSourcesBuildPhase section */

/* Begin PBXTargetDependency section */
		6B477BFA21E2E0990041E553 /* PBXTargetDependency */ = {
			isa = PBXTargetDependency;
			target = 6B477BE321E2E0970041E553 /* BioAuthTest */;
			targetProxy = 6B477BF921E2E0990041E553 /* PBXContainerItemProxy */;
		};
/* End PBXTargetDependency section */

/* Begin PBXVariantGroup section */
		6B477BEB21E2E0970041E553 /* Main.storyboard */ = {
			isa = PBXVariantGroup;
			children = (
				6B477BEC21E2E0970041E553 /* Base */,
			);
			name = Main.storyboard;
			sourceTree = "<group>";
		};
		6B477BF021E2E0990041E553 /* LaunchScreen.storyboard */ = {
			isa = PBXVariantGroup;
			children = (
				6B477BF121E2E0990041E553 /* Base */,
			);
			name = LaunchScreen.storyboard;
			sourceTree = "<group>";
		};
/* End PBXVariantGroup section */

/* Begin XCBuildConfiguration section */
		6B477BFF21E2E0990041E553 /* Debug */ = {
			isa = XCBuildConfiguration;
			buildSettings = {
				ALWAYS_SEARCH_USER_PATHS = NO;
				CLANG_ANALYZER_NONNULL = YES;
				CLANG_ANALYZER_NUMBER_OBJECT_CONVERSION = YES_AGGRESSIVE;
				CLANG_CXX_LANGUAGE_STANDARD = "gnu++14";
				CLANG_CXX_LIBRARY = "libc++";
				CLANG_ENABLE_MODULES = YES;
				CLANG_ENABLE_OBJC_ARC = YES;
				CLANG_ENABLE_OBJC_WEAK = YES;
				CLANG_WARN_BLOCK_CAPTURE_AUTORELEASING = YES;
				CLANG_WARN_BOOL_CONVERSION = YES;
				CLANG_WARN_COMMA = YES;
				CLANG_WARN_CONSTANT_CONVERSION = YES;
				CLANG_WARN_DEPRECATED_OBJC_IMPLEMENTATIONS = YES;
				CLANG_WARN_DIRECT_OBJC_ISA_USAGE = YES_ERROR;
				CLANG_WARN_DOCUMENTATION_COMMENTS = YES;
				CLANG_WARN_EMPTY_BODY = YES;
				CLANG_WARN_ENUM_CONVERSION = YES;
				CLANG_WARN_INFINITE_RECURSION = YES;
				CLANG_WARN_INT_CONVERSION = YES;
				CLANG_WARN_NON_LITERAL_NULL_CONVERSION = YES;
				CLANG_WARN_OBJC_IMPLICIT_RETAIN_SELF = YES;
				CLANG_WARN_OBJC_LITERAL_CONVERSION = YES;
				CLANG_WARN_OBJC_ROOT_CLASS = YES_ERROR;
				CLANG_WARN_RANGE_LOOP_ANALYSIS = YES;
				CLANG_WARN_STRICT_PROTOTYPES = YES;
				CLANG_WARN_SUSPICIOUS_MOVE = YES;
				CLANG_WARN_UNGUARDED_AVAILABILITY = YES_AGGRESSIVE;
				CLANG_WARN_UNREACHABLE_CODE = YES;
				CLANG_WARN__DUPLICATE_METHOD_MATCH = YES;
				CODE_SIGN_IDENTITY = "iPhone Developer";
				COPY_PHASE_STRIP = NO;
				DEBUG_INFORMATION_FORMAT = dwarf;
				ENABLE_STRICT_OBJC_MSGSEND = YES;
				ENABLE_TESTABILITY = YES;
				GCC_C_LANGUAGE_STANDARD = gnu11;
				GCC_DYNAMIC_NO_PIC = NO;
				GCC_NO_COMMON_BLOCKS = YES;
				GCC_OPTIMIZATION_LEVEL = 0;
				GCC_PREPROCESSOR_DEFINITIONS = (
					"DEBUG=1",
					"$(inherited)",
				);
				GCC_WARN_64_TO_32_BIT_CONVERSION = YES;
				GCC_WARN_ABOUT_RETURN_TYPE = YES_ERROR;
				GCC_WARN_UNDECLARED_SELECTOR = YES;
				GCC_WARN_UNINITIALIZED_AUTOS = YES_AGGRESSIVE;
				GCC_WARN_UNUSED_FUNCTION = YES;
				GCC_WARN_UNUSED_VARIABLE = YES;
				IPHONEOS_DEPLOYMENT_TARGET = 12.1;
				MTL_ENABLE_DEBUG_INFO = INCLUDE_SOURCE;
				MTL_FAST_MATH = YES;
				ONLY_ACTIVE_ARCH = YES;
				SDKROOT = iphoneos;
				SWIFT_ACTIVE_COMPILATION_CONDITIONS = DEBUG;
				SWIFT_OPTIMIZATION_LEVEL = "-Onone";
			};
			name = Debug;
		};
		6B477C0021E2E0990041E553 /* Release */ = {
			isa = XCBuildConfiguration;
			buildSettings = {
				ALWAYS_SEARCH_USER_PATHS = NO;
				CLANG_ANALYZER_NONNULL = YES;
				CLANG_ANALYZER_NUMBER_OBJECT_CONVERSION = YES_AGGRESSIVE;
				CLANG_CXX_LANGUAGE_STANDARD = "gnu++14";
				CLANG_CXX_LIBRARY = "libc++";
				CLANG_ENABLE_MODULES = YES;
				CLANG_ENABLE_OBJC_ARC = YES;
				CLANG_ENABLE_OBJC_WEAK = YES;
				CLANG_WARN_BLOCK_CAPTURE_AUTORELEASING = YES;
				CLANG_WARN_BOOL_CONVERSION = YES;
				CLANG_WARN_COMMA = YES;
				CLANG_WARN_CONSTANT_CONVERSION = YES;
				CLANG_WARN_DEPRECATED_OBJC_IMPLEMENTATIONS = YES;
				CLANG_WARN_DIRECT_OBJC_ISA_USAGE = YES_ERROR;
				CLANG_WARN_DOCUMENTATION_COMMENTS = YES;
				CLANG_WARN_EMPTY_BODY = YES;
				CLANG_WARN_ENUM_CONVERSION = YES;
				CLANG_WARN_INFINITE_RECURSION = YES;
				CLANG_WARN_INT_CONVERSION = YES;
				CLANG_WARN_NON_LITERAL_NULL_CONVERSION = YES;
				CLANG_WARN_OBJC_IMPLICIT_RETAIN_SELF = YES;
				CLANG_WARN_OBJC_LITERAL_CONVERSION = YES;
				CLANG_WARN_OBJC_ROOT_CLASS = YES_ERROR;
				CLANG_WARN_RANGE_LOOP_ANALYSIS = YES;
				CLANG_WARN_STRICT_PROTOTYPES = YES;
				CLANG_WARN_SUSPICIOUS_MOVE = YES;
				CLANG_WARN_UNGUARDED_AVAILABILITY = YES_AGGRESSIVE;
				CLANG_WARN_UNREACHABLE_CODE = YES;
				CLANG_WARN__DUPLICATE_METHOD_MATCH = YES;
				CODE_SIGN_IDENTITY = "iPhone Developer";
				COPY_PHASE_STRIP = NO;
				DEBUG_INFORMATION_FORMAT = "dwarf-with-dsym";
				ENABLE_NS_ASSERTIONS = NO;
				ENABLE_STRICT_OBJC_MSGSEND = YES;
				GCC_C_LANGUAGE_STANDARD = gnu11;
				GCC_NO_COMMON_BLOCKS = YES;
				GCC_WARN_64_TO_32_BIT_CONVERSION = YES;
				GCC_WARN_ABOUT_RETURN_TYPE = YES_ERROR;
				GCC_WARN_UNDECLARED_SELECTOR = YES;
				GCC_WARN_UNINITIALIZED_AUTOS = YES_AGGRESSIVE;
				GCC_WARN_UNUSED_FUNCTION = YES;
				GCC_WARN_UNUSED_VARIABLE = YES;
				IPHONEOS_DEPLOYMENT_TARGET = 12.1;
				MTL_ENABLE_DEBUG_INFO = NO;
				MTL_FAST_MATH = YES;
				SDKROOT = iphoneos;
				SWIFT_COMPILATION_MODE = wholemodule;
				SWIFT_OPTIMIZATION_LEVEL = "-O";
				VALIDATE_PRODUCT = YES;
			};
			name = Release;
		};
		6B477C0221E2E0990041E553 /* Debug */ = {
			isa = XCBuildConfiguration;
			buildSettings = {
				ASSETCATALOG_COMPILER_APPICON_NAME = AppIcon;
				CODE_SIGN_STYLE = Automatic;
				DEVELOPMENT_TEAM = QWVW6Y84W4;
				INFOPLIST_FILE = BioAuthTest/Info.plist;
				IPHONEOS_DEPLOYMENT_TARGET = 11.0;
				LD_RUNPATH_SEARCH_PATHS = (
					"$(inherited)",
					"@executable_path/Frameworks",
				);
				PRODUCT_BUNDLE_IDENTIFIER = com.BioAuthTest;
				PRODUCT_NAME = "$(TARGET_NAME)";
				SWIFT_VERSION = 4.2;
				TARGETED_DEVICE_FAMILY = "1,2";
			};
			name = Debug;
		};
		6B477C0321E2E0990041E553 /* Release */ = {
			isa = XCBuildConfiguration;
			buildSettings = {
				ASSETCATALOG_COMPILER_APPICON_NAME = AppIcon;
				CODE_SIGN_STYLE = Automatic;
				DEVELOPMENT_TEAM = QWVW6Y84W4;
				INFOPLIST_FILE = BioAuthTest/Info.plist;
				IPHONEOS_DEPLOYMENT_TARGET = 11.0;
				LD_RUNPATH_SEARCH_PATHS = (
					"$(inherited)",
					"@executable_path/Frameworks",
				);
				PRODUCT_BUNDLE_IDENTIFIER = com.BioAuthTest;
				PRODUCT_NAME = "$(TARGET_NAME)";
				SWIFT_VERSION = 4.2;
				TARGETED_DEVICE_FAMILY = "1,2";
			};
			name = Release;
		};
		6B477C0521E2E0990041E553 /* Debug */ = {
			isa = XCBuildConfiguration;
			buildSettings = {
				ALWAYS_EMBED_SWIFT_STANDARD_LIBRARIES = YES;
				BUNDLE_LOADER = "$(TEST_HOST)";
				CODE_SIGN_STYLE = Automatic;
				INFOPLIST_FILE = BioAuthTestTests/Info.plist;
				LD_RUNPATH_SEARCH_PATHS = (
					"$(inherited)",
					"@executable_path/Frameworks",
					"@loader_path/Frameworks",
				);
				PRODUCT_BUNDLE_IDENTIFIER = com.BioAuthTestTests;
				PRODUCT_NAME = "$(TARGET_NAME)";
				SWIFT_VERSION = 4.2;
				TARGETED_DEVICE_FAMILY = "1,2";
				TEST_HOST = "$(BUILT_PRODUCTS_DIR)/BioAuthTest.app/BioAuthTest";
			};
			name = Debug;
		};
		6B477C0621E2E0990041E553 /* Release */ = {
			isa = XCBuildConfiguration;
			buildSettings = {
				ALWAYS_EMBED_SWIFT_STANDARD_LIBRARIES = YES;
				BUNDLE_LOADER = "$(TEST_HOST)";
				CODE_SIGN_STYLE = Automatic;
				INFOPLIST_FILE = BioAuthTestTests/Info.plist;
				LD_RUNPATH_SEARCH_PATHS = (
					"$(inherited)",
					"@executable_path/Frameworks",
					"@loader_path/Frameworks",
				);
				PRODUCT_BUNDLE_IDENTIFIER = com.BioAuthTestTests;
				PRODUCT_NAME = "$(TARGET_NAME)";
				SWIFT_VERSION = 4.2;
				TARGETED_DEVICE_FAMILY = "1,2";
				TEST_HOST = "$(BUILT_PRODUCTS_DIR)/BioAuthTest.app/BioAuthTest";
			};
			name = Release;
		};
/* End XCBuildConfiguration section */

/* Begin XCConfigurationList section */
		6B477BDF21E2E0970041E553 /* Build configuration list for PBXProject "BioAuthTest" */ = {
			isa = XCConfigurationList;
			buildConfigurations = (
				6B477BFF21E2E0990041E553 /* Debug */,
				6B477C0021E2E0990041E553 /* Release */,
			);
			defaultConfigurationIsVisible = 0;
			defaultConfigurationName = Release;
		};
		6B477C0121E2E0990041E553 /* Build configuration list for PBXNativeTarget "BioAuthTest" */ = {
			isa = XCConfigurationList;
			buildConfigurations = (
				6B477C0221E2E0990041E553 /* Debug */,
				6B477C0321E2E0990041E553 /* Release */,
			);
			defaultConfigurationIsVisible = 0;
			defaultConfigurationName = Release;
		};
		6B477C0421E2E0990041E553 /* Build configuration list for PBXNativeTarget "BioAuthTestTests" */ = {
			isa = XCConfigurationList;
			buildConfigurations = (
				6B477C0521E2E0990041E553 /* Debug */,
				6B477C0621E2E0990041E553 /* Release */,
			);
			defaultConfigurationIsVisible = 0;
			defaultConfigurationName = Release;
		};
/* End XCConfigurationList section */
	};
	rootObject = 6B477BDC21E2E0970041E553 /* Project object */;
}
